// !$*UTF8*$!
{
	archiveVersion = 1;
	classes = {
	};
	objectVersion = 46;
	objects = {

/* Begin PBXBuildFile section */
		288D64701326AA886F2C9B70 /* libPods-Face Paint.a in Frameworks */ = {isa = PBXBuildFile; fileRef = 53FAB255AF13391AE518CC24 /* libPods-Face Paint.a */; };
		A4964AA6B4348E7BDACCF5B7 /* libPods.a in Frameworks */ = {isa = PBXBuildFile; fileRef = A048F83F92151FD57CF9FCFB /* libPods.a */; };
		E206101F1CFE0CFA0065EA93 /* main.m in Sources */ = {isa = PBXBuildFile; fileRef = E206101E1CFE0CFA0065EA93 /* main.m */; };
		E20610221CFE0CFA0065EA93 /* AppDelegate.m in Sources */ = {isa = PBXBuildFile; fileRef = E20610211CFE0CFA0065EA93 /* AppDelegate.m */; };
		E20610251CFE0CFA0065EA93 /* ViewController.m in Sources */ = {isa = PBXBuildFile; fileRef = E20610241CFE0CFA0065EA93 /* ViewController.m */; };
		E20610281CFE0CFA0065EA93 /* Main.storyboard in Resources */ = {isa = PBXBuildFile; fileRef = E20610261CFE0CFA0065EA93 /* Main.storyboard */; };
		E206102B1CFE0CFA0065EA93 /* Face_Paint.xcdatamodeld in Sources */ = {isa = PBXBuildFile; fileRef = E20610291CFE0CFA0065EA93 /* Face_Paint.xcdatamodeld */; };
		E206102D1CFE0CFA0065EA93 /* Assets.xcassets in Resources */ = {isa = PBXBuildFile; fileRef = E206102C1CFE0CFA0065EA93 /* Assets.xcassets */; };
		E20610301CFE0CFA0065EA93 /* LaunchScreen.storyboard in Resources */ = {isa = PBXBuildFile; fileRef = E206102E1CFE0CFA0065EA93 /* LaunchScreen.storyboard */; };
		E206103B1CFE0CFB0065EA93 /* Face_PaintTests.m in Sources */ = {isa = PBXBuildFile; fileRef = E206103A1CFE0CFB0065EA93 /* Face_PaintTests.m */; };
		E20610461CFE0CFB0065EA93 /* Face_PaintUITests.m in Sources */ = {isa = PBXBuildFile; fileRef = E20610451CFE0CFB0065EA93 /* Face_PaintUITests.m */; };
		E20610541CFE10810065EA93 /* AssetsLibrary.framework in Frameworks */ = {isa = PBXBuildFile; fileRef = E20610531CFE10810065EA93 /* AssetsLibrary.framework */; };
		E20610561CFE10890065EA93 /* AVFoundation.framework in Frameworks */ = {isa = PBXBuildFile; fileRef = E20610551CFE10890065EA93 /* AVFoundation.framework */; };
		E20610581CFE10910065EA93 /* CoreMedia.framework in Frameworks */ = {isa = PBXBuildFile; fileRef = E20610571CFE10910065EA93 /* CoreMedia.framework */; };
		E206105A1CFE10990065EA93 /* MediaPlayer.framework in Frameworks */ = {isa = PBXBuildFile; fileRef = E20610591CFE10990065EA93 /* MediaPlayer.framework */; };
		E206105C1CFE10A20065EA93 /* MobileCoreServices.framework in Frameworks */ = {isa = PBXBuildFile; fileRef = E206105B1CFE10A20065EA93 /* MobileCoreServices.framework */; };
		E206105E1CFE10D30065EA93 /* QuartzCore.framework in Frameworks */ = {isa = PBXBuildFile; fileRef = E206105D1CFE10D30065EA93 /* QuartzCore.framework */; };
		E20610611CFE1AC50065EA93 /* PlayVideoViewController.m in Sources */ = {isa = PBXBuildFile; fileRef = E20610601CFE1AC50065EA93 /* PlayVideoViewController.m */; };
		E20610641CFE1ADC0065EA93 /* RecordVideoViewController.m in Sources */ = {isa = PBXBuildFile; fileRef = E20610631CFE1ADC0065EA93 /* RecordVideoViewController.m */; };
		E20610671CFE1AE90065EA93 /* MergeVideoViewController.m in Sources */ = {isa = PBXBuildFile; fileRef = E20610661CFE1AE90065EA93 /* MergeVideoViewController.m */; };
		E20610691CFFA25F0065EA93 /* AVKit.framework in Frameworks */ = {isa = PBXBuildFile; fileRef = E20610681CFFA25F0065EA93 /* AVKit.framework */; };
		E2B47AE91D0B2A63009FA846 /* Photos.framework in Frameworks */ = {isa = PBXBuildFile; fileRef = E2B47AE81D0B2A63009FA846 /* Photos.framework */; };
/* End PBXBuildFile section */

/* Begin PBXContainerItemProxy section */
		E20610371CFE0CFB0065EA93 /* PBXContainerItemProxy */ = {
			isa = PBXContainerItemProxy;
			containerPortal = E20610121CFE0CFA0065EA93 /* Project object */;
			proxyType = 1;
			remoteGlobalIDString = E20610191CFE0CFA0065EA93;
			remoteInfo = "Face Paint";
		};
		E20610421CFE0CFB0065EA93 /* PBXContainerItemProxy */ = {
			isa = PBXContainerItemProxy;
			containerPortal = E20610121CFE0CFA0065EA93 /* Project object */;
			proxyType = 1;
			remoteGlobalIDString = E20610191CFE0CFA0065EA93;
			remoteInfo = "Face Paint";
		};
/* End PBXContainerItemProxy section */

/* Begin PBXFileReference section */
		0B94EE1467A69CD5FD170589 /* Pods.release.xcconfig */ = {isa = PBXFileReference; includeInIndex = 1; lastKnownFileType = text.xcconfig; name = Pods.release.xcconfig; path = "Pods/Target Support Files/Pods/Pods.release.xcconfig"; sourceTree = "<group>"; };
		1F7CC5481C1936A76444A3B8 /* Pods.debug.xcconfig */ = {isa = PBXFileReference; includeInIndex = 1; lastKnownFileType = text.xcconfig; name = Pods.debug.xcconfig; path = "Pods/Target Support Files/Pods/Pods.debug.xcconfig"; sourceTree = "<group>"; };
		53FAB255AF13391AE518CC24 /* libPods-Face Paint.a */ = {isa = PBXFileReference; explicitFileType = archive.ar; includeInIndex = 0; path = "libPods-Face Paint.a"; sourceTree = BUILT_PRODUCTS_DIR; };
		A048F83F92151FD57CF9FCFB /* libPods.a */ = {isa = PBXFileReference; explicitFileType = archive.ar; includeInIndex = 0; path = libPods.a; sourceTree = BUILT_PRODUCTS_DIR; };
		E206101A1CFE0CFA0065EA93 /* Face Paint.app */ = {isa = PBXFileReference; explicitFileType = wrapper.application; includeInIndex = 0; path = "Face Paint.app"; sourceTree = BUILT_PRODUCTS_DIR; };
		E206101E1CFE0CFA0065EA93 /* main.m */ = {isa = PBXFileReference; lastKnownFileType = sourcecode.c.objc; path = main.m; sourceTree = "<group>"; };
		E20610201CFE0CFA0065EA93 /* AppDelegate.h */ = {isa = PBXFileReference; lastKnownFileType = sourcecode.c.h; path = AppDelegate.h; sourceTree = "<group>"; };
		E20610211CFE0CFA0065EA93 /* AppDelegate.m */ = {isa = PBXFileReference; lastKnownFileType = sourcecode.c.objc; path = AppDelegate.m; sourceTree = "<group>"; };
		E20610231CFE0CFA0065EA93 /* ViewController.h */ = {isa = PBXFileReference; lastKnownFileType = sourcecode.c.h; path = ViewController.h; sourceTree = "<group>"; };
		E20610241CFE0CFA0065EA93 /* ViewController.m */ = {isa = PBXFileReference; lastKnownFileType = sourcecode.c.objc; path = ViewController.m; sourceTree = "<group>"; };
		E20610271CFE0CFA0065EA93 /* Base */ = {isa = PBXFileReference; lastKnownFileType = file.storyboard; name = Base; path = Base.lproj/Main.storyboard; sourceTree = "<group>"; };
		E206102A1CFE0CFA0065EA93 /* Face_Paint.xcdatamodel */ = {isa = PBXFileReference; lastKnownFileType = wrapper.xcdatamodel; path = Face_Paint.xcdatamodel; sourceTree = "<group>"; };
		E206102C1CFE0CFA0065EA93 /* Assets.xcassets */ = {isa = PBXFileReference; lastKnownFileType = folder.assetcatalog; path = Assets.xcassets; sourceTree = "<group>"; };
		E206102F1CFE0CFA0065EA93 /* Base */ = {isa = PBXFileReference; lastKnownFileType = file.storyboard; name = Base; path = Base.lproj/LaunchScreen.storyboard; sourceTree = "<group>"; };
		E20610311CFE0CFA0065EA93 /* Info.plist */ = {isa = PBXFileReference; lastKnownFileType = text.plist.xml; path = Info.plist; sourceTree = "<group>"; };
		E20610361CFE0CFB0065EA93 /* Face PaintTests.xctest */ = {isa = PBXFileReference; explicitFileType = wrapper.cfbundle; includeInIndex = 0; path = "Face PaintTests.xctest"; sourceTree = BUILT_PRODUCTS_DIR; };
		E206103A1CFE0CFB0065EA93 /* Face_PaintTests.m */ = {isa = PBXFileReference; lastKnownFileType = sourcecode.c.objc; path = Face_PaintTests.m; sourceTree = "<group>"; };
		E206103C1CFE0CFB0065EA93 /* Info.plist */ = {isa = PBXFileReference; lastKnownFileType = text.plist.xml; path = Info.plist; sourceTree = "<group>"; };
		E20610411CFE0CFB0065EA93 /* Face PaintUITests.xctest */ = {isa = PBXFileReference; explicitFileType = wrapper.cfbundle; includeInIndex = 0; path = "Face PaintUITests.xctest"; sourceTree = BUILT_PRODUCTS_DIR; };
		E20610451CFE0CFB0065EA93 /* Face_PaintUITests.m */ = {isa = PBXFileReference; lastKnownFileType = sourcecode.c.objc; path = Face_PaintUITests.m; sourceTree = "<group>"; };
		E20610471CFE0CFB0065EA93 /* Info.plist */ = {isa = PBXFileReference; lastKnownFileType = text.plist.xml; path = Info.plist; sourceTree = "<group>"; };
		E20610531CFE10810065EA93 /* AssetsLibrary.framework */ = {isa = PBXFileReference; lastKnownFileType = wrapper.framework; name = AssetsLibrary.framework; path = System/Library/Frameworks/AssetsLibrary.framework; sourceTree = SDKROOT; };
		E20610551CFE10890065EA93 /* AVFoundation.framework */ = {isa = PBXFileReference; lastKnownFileType = wrapper.framework; name = AVFoundation.framework; path = System/Library/Frameworks/AVFoundation.framework; sourceTree = SDKROOT; };
		E20610571CFE10910065EA93 /* CoreMedia.framework */ = {isa = PBXFileReference; lastKnownFileType = wrapper.framework; name = CoreMedia.framework; path = System/Library/Frameworks/CoreMedia.framework; sourceTree = SDKROOT; };
		E20610591CFE10990065EA93 /* MediaPlayer.framework */ = {isa = PBXFileReference; lastKnownFileType = wrapper.framework; name = MediaPlayer.framework; path = System/Library/Frameworks/MediaPlayer.framework; sourceTree = SDKROOT; };
		E206105B1CFE10A20065EA93 /* MobileCoreServices.framework */ = {isa = PBXFileReference; lastKnownFileType = wrapper.framework; name = MobileCoreServices.framework; path = System/Library/Frameworks/MobileCoreServices.framework; sourceTree = SDKROOT; };
		E206105D1CFE10D30065EA93 /* QuartzCore.framework */ = {isa = PBXFileReference; lastKnownFileType = wrapper.framework; name = QuartzCore.framework; path = System/Library/Frameworks/QuartzCore.framework; sourceTree = SDKROOT; };
		E206105F1CFE1AC50065EA93 /* PlayVideoViewController.h */ = {isa = PBXFileReference; fileEncoding = 4; lastKnownFileType = sourcecode.c.h; path = PlayVideoViewController.h; sourceTree = "<group>"; };
		E20610601CFE1AC50065EA93 /* PlayVideoViewController.m */ = {isa = PBXFileReference; fileEncoding = 4; lastKnownFileType = sourcecode.c.objc; path = PlayVideoViewController.m; sourceTree = "<group>"; };
		E20610621CFE1ADC0065EA93 /* RecordVideoViewController.h */ = {isa = PBXFileReference; fileEncoding = 4; lastKnownFileType = sourcecode.c.h; path = RecordVideoViewController.h; sourceTree = "<group>"; };
		E20610631CFE1ADC0065EA93 /* RecordVideoViewController.m */ = {isa = PBXFileReference; fileEncoding = 4; lastKnownFileType = sourcecode.c.objc; path = RecordVideoViewController.m; sourceTree = "<group>"; };
		E20610651CFE1AE90065EA93 /* MergeVideoViewController.h */ = {isa = PBXFileReference; fileEncoding = 4; lastKnownFileType = sourcecode.c.h; path = MergeVideoViewController.h; sourceTree = "<group>"; };
		E20610661CFE1AE90065EA93 /* MergeVideoViewController.m */ = {isa = PBXFileReference; fileEncoding = 4; lastKnownFileType = sourcecode.c.objc; path = MergeVideoViewController.m; sourceTree = "<group>"; };
		E20610681CFFA25F0065EA93 /* AVKit.framework */ = {isa = PBXFileReference; lastKnownFileType = wrapper.framework; name = AVKit.framework; path = System/Library/Frameworks/AVKit.framework; sourceTree = SDKROOT; };
		E26BFE7D1D0A028D00F5C4CE /* PrefixHeader.pch */ = {isa = PBXFileReference; lastKnownFileType = sourcecode.c.h; path = PrefixHeader.pch; sourceTree = "<group>"; };
		E2B47AE81D0B2A63009FA846 /* Photos.framework */ = {isa = PBXFileReference; lastKnownFileType = wrapper.framework; name = Photos.framework; path = System/Library/Frameworks/Photos.framework; sourceTree = SDKROOT; };
/* End PBXFileReference section */

/* Begin PBXFrameworksBuildPhase section */
		E20610171CFE0CFA0065EA93 /* Frameworks */ = {
			isa = PBXFrameworksBuildPhase;
			buildActionMask = 2147483647;
			files = (
				E2B47AE91D0B2A63009FA846 /* Photos.framework in Frameworks */,
				E20610691CFFA25F0065EA93 /* AVKit.framework in Frameworks */,
				E206105E1CFE10D30065EA93 /* QuartzCore.framework in Frameworks */,
				E206105C1CFE10A20065EA93 /* MobileCoreServices.framework in Frameworks */,
				E206105A1CFE10990065EA93 /* MediaPlayer.framework in Frameworks */,
				E20610581CFE10910065EA93 /* CoreMedia.framework in Frameworks */,
				E20610561CFE10890065EA93 /* AVFoundation.framework in Frameworks */,
				E20610541CFE10810065EA93 /* AssetsLibrary.framework in Frameworks */,
				A4964AA6B4348E7BDACCF5B7 /* libPods.a in Frameworks */,
				288D64701326AA886F2C9B70 /* libPods-Face Paint.a in Frameworks */,
			);
			runOnlyForDeploymentPostprocessing = 0;
		};
		E20610331CFE0CFB0065EA93 /* Frameworks */ = {
			isa = PBXFrameworksBuildPhase;
			buildActionMask = 2147483647;
			files = (
			);
			runOnlyForDeploymentPostprocessing = 0;
		};
		E206103E1CFE0CFB0065EA93 /* Frameworks */ = {
			isa = PBXFrameworksBuildPhase;
			buildActionMask = 2147483647;
			files = (
			);
			runOnlyForDeploymentPostprocessing = 0;
		};
/* End PBXFrameworksBuildPhase section */

/* Begin PBXGroup section */
		6C63DCD622DFCFAD337B40E4 /* Pods */ = {
			isa = PBXGroup;
			children = (
				1F7CC5481C1936A76444A3B8 /* Pods.debug.xcconfig */,
				0B94EE1467A69CD5FD170589 /* Pods.release.xcconfig */,
			);
			name = Pods;
			sourceTree = "<group>";
		};
		E20610111CFE0CFA0065EA93 = {
			isa = PBXGroup;
			children = (
				E26BFE7D1D0A028D00F5C4CE /* PrefixHeader.pch */,
				E206101C1CFE0CFA0065EA93 /* Face Paint */,
				E20610391CFE0CFB0065EA93 /* Face PaintTests */,
				E20610441CFE0CFB0065EA93 /* Face PaintUITests */,
				E206101B1CFE0CFA0065EA93 /* Products */,
				6C63DCD622DFCFAD337B40E4 /* Pods */,
				F417349B97AEFBDAB325153A /* Frameworks */,
			);
			sourceTree = "<group>";
		};
		E206101B1CFE0CFA0065EA93 /* Products */ = {
			isa = PBXGroup;
			children = (
				E206101A1CFE0CFA0065EA93 /* Face Paint.app */,
				E20610361CFE0CFB0065EA93 /* Face PaintTests.xctest */,
				E20610411CFE0CFB0065EA93 /* Face PaintUITests.xctest */,
			);
			name = Products;
			sourceTree = "<group>";
		};
		E206101C1CFE0CFA0065EA93 /* Face Paint */ = {
			isa = PBXGroup;
			children = (
				E206102E1CFE0CFA0065EA93 /* LaunchScreen.storyboard */,
				E20610261CFE0CFA0065EA93 /* Main.storyboard */,
				E20610201CFE0CFA0065EA93 /* AppDelegate.h */,
				E20610211CFE0CFA0065EA93 /* AppDelegate.m */,
				E20610231CFE0CFA0065EA93 /* ViewController.h */,
				E20610241CFE0CFA0065EA93 /* ViewController.m */,
				E27D2E5A1D1874BA0037669B /* Adding overlays and animations */,
				E27D2E591D1874780037669B /* Play, Record and Merge */,
				E20610311CFE0CFA0065EA93 /* Info.plist */,
				E20610291CFE0CFA0065EA93 /* Face_Paint.xcdatamodeld */,
				E206101D1CFE0CFA0065EA93 /* Supporting Files */,
			);
			path = "Face Paint";
			sourceTree = "<group>";
		};
		E206101D1CFE0CFA0065EA93 /* Supporting Files */ = {
			isa = PBXGroup;
			children = (
				E206102C1CFE0CFA0065EA93 /* Assets.xcassets */,
				E20610681CFFA25F0065EA93 /* AVKit.framework */,
				E206105D1CFE10D30065EA93 /* QuartzCore.framework */,
				E206105B1CFE10A20065EA93 /* MobileCoreServices.framework */,
				E20610591CFE10990065EA93 /* MediaPlayer.framework */,
				E20610571CFE10910065EA93 /* CoreMedia.framework */,
				E20610551CFE10890065EA93 /* AVFoundation.framework */,
				E20610531CFE10810065EA93 /* AssetsLibrary.framework */,
				E206101E1CFE0CFA0065EA93 /* main.m */,
			);
			name = "Supporting Files";
			sourceTree = "<group>";
		};
		E20610391CFE0CFB0065EA93 /* Face PaintTests */ = {
			isa = PBXGroup;
			children = (
				E206103A1CFE0CFB0065EA93 /* Face_PaintTests.m */,
				E206103C1CFE0CFB0065EA93 /* Info.plist */,
			);
			path = "Face PaintTests";
			sourceTree = "<group>";
		};
		E20610441CFE0CFB0065EA93 /* Face PaintUITests */ = {
			isa = PBXGroup;
			children = (
				E20610451CFE0CFB0065EA93 /* Face_PaintUITests.m */,
				E20610471CFE0CFB0065EA93 /* Info.plist */,
			);
			path = "Face PaintUITests";
			sourceTree = "<group>";
		};
		E27D2E591D1874780037669B /* Play, Record and Merge */ = {
			isa = PBXGroup;
			children = (
				E206105F1CFE1AC50065EA93 /* PlayVideoViewController.h */,
				E20610601CFE1AC50065EA93 /* PlayVideoViewController.m */,
				E20610621CFE1ADC0065EA93 /* RecordVideoViewController.h */,
				E20610631CFE1ADC0065EA93 /* RecordVideoViewController.m */,
				E20610651CFE1AE90065EA93 /* MergeVideoViewController.h */,
				E20610661CFE1AE90065EA93 /* MergeVideoViewController.m */,
			);
			name = "Play, Record and Merge";
			sourceTree = "<group>";
		};
		E27D2E5A1D1874BA0037669B /* Adding overlays and animations */ = {
			isa = PBXGroup;
			children = (
			);
			name = "Adding overlays and animations";
			sourceTree = "<group>";
		};
		F417349B97AEFBDAB325153A /* Frameworks */ = {
			isa = PBXGroup;
			children = (
				E2B47AE81D0B2A63009FA846 /* Photos.framework */,
				A048F83F92151FD57CF9FCFB /* libPods.a */,
				53FAB255AF13391AE518CC24 /* libPods-Face Paint.a */,
			);
			name = Frameworks;
			sourceTree = "<group>";
		};
/* End PBXGroup section */

/* Begin PBXNativeTarget section */
		E20610191CFE0CFA0065EA93 /* Face Paint */ = {
			isa = PBXNativeTarget;
			buildConfigurationList = E206104A1CFE0CFB0065EA93 /* Build configuration list for PBXNativeTarget "Face Paint" */;
			buildPhases = (
				705166762E3403CEEC04244A /* Check Pods Manifest.lock */,
				E20610161CFE0CFA0065EA93 /* Sources */,
				E20610171CFE0CFA0065EA93 /* Frameworks */,
				E20610181CFE0CFA0065EA93 /* Resources */,
				5BB2FFB05C4453F67264AABA /* Embed Pods Frameworks */,
				91CF5D711A524CBAC2F4B9C5 /* Copy Pods Resources */,
			);
			buildRules = (
			);
			dependencies = (
			);
			name = "Face Paint";
			productName = "Face Paint";
			productReference = E206101A1CFE0CFA0065EA93 /* Face Paint.app */;
			productType = "com.apple.product-type.application";
		};
		E20610351CFE0CFB0065EA93 /* Face PaintTests */ = {
			isa = PBXNativeTarget;
			buildConfigurationList = E206104D1CFE0CFB0065EA93 /* Build configuration list for PBXNativeTarget "Face PaintTests" */;
			buildPhases = (
				E20610321CFE0CFB0065EA93 /* Sources */,
				E20610331CFE0CFB0065EA93 /* Frameworks */,
				E20610341CFE0CFB0065EA93 /* Resources */,
			);
			buildRules = (
			);
			dependencies = (
				E20610381CFE0CFB0065EA93 /* PBXTargetDependency */,
			);
			name = "Face PaintTests";
			productName = "Face PaintTests";
			productReference = E20610361CFE0CFB0065EA93 /* Face PaintTests.xctest */;
			productType = "com.apple.product-type.bundle.unit-test";
		};
		E20610401CFE0CFB0065EA93 /* Face PaintUITests */ = {
			isa = PBXNativeTarget;
			buildConfigurationList = E20610501CFE0CFB0065EA93 /* Build configuration list for PBXNativeTarget "Face PaintUITests" */;
			buildPhases = (
				E206103D1CFE0CFB0065EA93 /* Sources */,
				E206103E1CFE0CFB0065EA93 /* Frameworks */,
				E206103F1CFE0CFB0065EA93 /* Resources */,
			);
			buildRules = (
			);
			dependencies = (
				E20610431CFE0CFB0065EA93 /* PBXTargetDependency */,
			);
			name = "Face PaintUITests";
			productName = "Face PaintUITests";
			productReference = E20610411CFE0CFB0065EA93 /* Face PaintUITests.xctest */;
			productType = "com.apple.product-type.bundle.ui-testing";
		};
/* End PBXNativeTarget section */

/* Begin PBXProject section */
		E20610121CFE0CFA0065EA93 /* Project object */ = {
			isa = PBXProject;
			attributes = {
				LastUpgradeCheck = 0730;
				ORGANIZATIONNAME = "Bao Tran";
				TargetAttributes = {
					E20610191CFE0CFA0065EA93 = {
						CreatedOnToolsVersion = 7.3.1;
					};
					E20610351CFE0CFB0065EA93 = {
						CreatedOnToolsVersion = 7.3.1;
						TestTargetID = E20610191CFE0CFA0065EA93;
					};
					E20610401CFE0CFB0065EA93 = {
						CreatedOnToolsVersion = 7.3.1;
						TestTargetID = E20610191CFE0CFA0065EA93;
					};
				};
			};
			buildConfigurationList = E20610151CFE0CFA0065EA93 /* Build configuration list for PBXProject "Face Paint" */;
			compatibilityVersion = "Xcode 3.2";
			developmentRegion = English;
			hasScannedForEncodings = 0;
			knownRegions = (
				en,
				Base,
			);
			mainGroup = E20610111CFE0CFA0065EA93;
			productRefGroup = E206101B1CFE0CFA0065EA93 /* Products */;
			projectDirPath = "";
			projectRoot = "";
			targets = (
				E20610191CFE0CFA0065EA93 /* Face Paint */,
				E20610351CFE0CFB0065EA93 /* Face PaintTests */,
				E20610401CFE0CFB0065EA93 /* Face PaintUITests */,
			);
		};
/* End PBXProject section */

/* Begin PBXResourcesBuildPhase section */
		E20610181CFE0CFA0065EA93 /* Resources */ = {
			isa = PBXResourcesBuildPhase;
			buildActionMask = 2147483647;
			files = (
				E20610301CFE0CFA0065EA93 /* LaunchScreen.storyboard in Resources */,
				E206102D1CFE0CFA0065EA93 /* Assets.xcassets in Resources */,
				E20610281CFE0CFA0065EA93 /* Main.storyboard in Resources */,
			);
			runOnlyForDeploymentPostprocessing = 0;
		};
		E20610341CFE0CFB0065EA93 /* Resources */ = {
			isa = PBXResourcesBuildPhase;
			buildActionMask = 2147483647;
			files = (
			);
			runOnlyForDeploymentPostprocessing = 0;
		};
		E206103F1CFE0CFB0065EA93 /* Resources */ = {
			isa = PBXResourcesBuildPhase;
			buildActionMask = 2147483647;
			files = (
			);
			runOnlyForDeploymentPostprocessing = 0;
		};
/* End PBXResourcesBuildPhase section */

/* Begin PBXShellScriptBuildPhase section */
		5BB2FFB05C4453F67264AABA /* Embed Pods Frameworks */ = {
			isa = PBXShellScriptBuildPhase;
			buildActionMask = 2147483647;
			files = (
			);
			inputPaths = (
			);
			name = "Embed Pods Frameworks";
			outputPaths = (
			);
			runOnlyForDeploymentPostprocessing = 0;
			shellPath = /bin/sh;
			shellScript = "\"${SRCROOT}/Pods/Target Support Files/Pods-Face Paint/Pods-Face Paint-frameworks.sh\"\n";
			showEnvVarsInLog = 0;
		};
		705166762E3403CEEC04244A /* Check Pods Manifest.lock */ = {
			isa = PBXShellScriptBuildPhase;
			buildActionMask = 2147483647;
			files = (
			);
			inputPaths = (
			);
			name = "Check Pods Manifest.lock";
			outputPaths = (
			);
			runOnlyForDeploymentPostprocessing = 0;
			shellPath = /bin/sh;
			shellScript = "diff \"${PODS_ROOT}/../Podfile.lock\" \"${PODS_ROOT}/Manifest.lock\" > /dev/null\nif [[ $? != 0 ]] ; then\n    cat << EOM\nerror: The sandbox is not in sync with the Podfile.lock. Run 'pod install' or update your CocoaPods installation.\nEOM\n    exit 1\nfi\n";
			showEnvVarsInLog = 0;
		};
		91CF5D711A524CBAC2F4B9C5 /* Copy Pods Resources */ = {
			isa = PBXShellScriptBuildPhase;
			buildActionMask = 2147483647;
			files = (
			);
			inputPaths = (
			);
			name = "Copy Pods Resources";
			outputPaths = (
			);
			runOnlyForDeploymentPostprocessing = 0;
			shellPath = /bin/sh;
			shellScript = "\"${SRCROOT}/Pods/Target Support Files/Pods/Pods-resources.sh\"\n";
			showEnvVarsInLog = 0;
		};
/* End PBXShellScriptBuildPhase section */

/* Begin PBXSourcesBuildPhase section */
		E20610161CFE0CFA0065EA93 /* Sources */ = {
			isa = PBXSourcesBuildPhase;
			buildActionMask = 2147483647;
			files = (
				E20610671CFE1AE90065EA93 /* MergeVideoViewController.m in Sources */,
				E20610251CFE0CFA0065EA93 /* ViewController.m in Sources */,
				E20610611CFE1AC50065EA93 /* PlayVideoViewController.m in Sources */,
				E206102B1CFE0CFA0065EA93 /* Face_Paint.xcdatamodeld in Sources */,
				E20610221CFE0CFA0065EA93 /* AppDelegate.m in Sources */,
				E206101F1CFE0CFA0065EA93 /* main.m in Sources */,
				E20610641CFE1ADC0065EA93 /* RecordVideoViewController.m in Sources */,
			);
			runOnlyForDeploymentPostprocessing = 0;
		};
		E20610321CFE0CFB0065EA93 /* Sources */ = {
			isa = PBXSourcesBuildPhase;
			buildActionMask = 2147483647;
			files = (
				E206103B1CFE0CFB0065EA93 /* Face_PaintTests.m in Sources */,
			);
			runOnlyForDeploymentPostprocessing = 0;
		};
		E206103D1CFE0CFB0065EA93 /* Sources */ = {
			isa = PBXSourcesBuildPhase;
			buildActionMask = 2147483647;
			files = (
				E20610461CFE0CFB0065EA93 /* Face_PaintUITests.m in Sources */,
			);
			runOnlyForDeploymentPostprocessing = 0;
		};
/* End PBXSourcesBuildPhase section */

/* Begin PBXTargetDependency section */
		E20610381CFE0CFB0065EA93 /* PBXTargetDependency */ = {
			isa = PBXTargetDependency;
			target = E20610191CFE0CFA0065EA93 /* Face Paint */;
			targetProxy = E20610371CFE0CFB0065EA93 /* PBXContainerItemProxy */;
		};
		E20610431CFE0CFB0065EA93 /* PBXTargetDependency */ = {
			isa = PBXTargetDependency;
			target = E20610191CFE0CFA0065EA93 /* Face Paint */;
			targetProxy = E20610421CFE0CFB0065EA93 /* PBXContainerItemProxy */;
		};
/* End PBXTargetDependency section */

/* Begin PBXVariantGroup section */
		E20610261CFE0CFA0065EA93 /* Main.storyboard */ = {
			isa = PBXVariantGroup;
			children = (
				E20610271CFE0CFA0065EA93 /* Base */,
			);
			name = Main.storyboard;
			sourceTree = "<group>";
		};
		E206102E1CFE0CFA0065EA93 /* LaunchScreen.storyboard */ = {
			isa = PBXVariantGroup;
			children = (
				E206102F1CFE0CFA0065EA93 /* Base */,
			);
			name = LaunchScreen.storyboard;
			sourceTree = "<group>";
		};
/* End PBXVariantGroup section */

/* Begin XCBuildConfiguration section */
		E20610481CFE0CFB0065EA93 /* Debug */ = {
			isa = XCBuildConfiguration;
			buildSettings = {
				ALWAYS_SEARCH_USER_PATHS = NO;
				CLANG_ANALYZER_NONNULL = YES;
				CLANG_CXX_LANGUAGE_STANDARD = "gnu++0x";
				CLANG_CXX_LIBRARY = "libc++";
				CLANG_ENABLE_MODULES = YES;
				CLANG_ENABLE_OBJC_ARC = YES;
				CLANG_WARN_BOOL_CONVERSION = YES;
				CLANG_WARN_CONSTANT_CONVERSION = YES;
				CLANG_WARN_DIRECT_OBJC_ISA_USAGE = YES_ERROR;
				CLANG_WARN_EMPTY_BODY = YES;
				CLANG_WARN_ENUM_CONVERSION = YES;
				CLANG_WARN_INT_CONVERSION = YES;
				CLANG_WARN_OBJC_ROOT_CLASS = YES_ERROR;
				CLANG_WARN_UNREACHABLE_CODE = YES;
				CLANG_WARN__DUPLICATE_METHOD_MATCH = YES;
				"CODE_SIGN_IDENTITY[sdk=iphoneos*]" = "iPhone Developer";
				COPY_PHASE_STRIP = NO;
				DEBUG_INFORMATION_FORMAT = dwarf;
				ENABLE_STRICT_OBJC_MSGSEND = YES;
				ENABLE_TESTABILITY = YES;
				GCC_C_LANGUAGE_STANDARD = gnu99;
				GCC_DYNAMIC_NO_PIC = NO;
				GCC_NO_COMMON_BLOCKS = YES;
				GCC_OPTIMIZATION_LEVEL = 0;
				GCC_PREPROCESSOR_DEFINITIONS = (
					"DEBUG=1",
					"$(inherited)",
				);
				GCC_WARN_64_TO_32_BIT_CONVERSION = YES;
				GCC_WARN_ABOUT_RETURN_TYPE = YES_ERROR;
				GCC_WARN_UNDECLARED_SELECTOR = YES;
				GCC_WARN_UNINITIALIZED_AUTOS = YES_AGGRESSIVE;
				GCC_WARN_UNUSED_FUNCTION = YES;
				GCC_WARN_UNUSED_VARIABLE = YES;
				IPHONEOS_DEPLOYMENT_TARGET = 9.3;
				MTL_ENABLE_DEBUG_INFO = YES;
				ONLY_ACTIVE_ARCH = YES;
				SDKROOT = iphoneos;
			};
			name = Debug;
		};
		E20610491CFE0CFB0065EA93 /* Release */ = {
			isa = XCBuildConfiguration;
			buildSettings = {
				ALWAYS_SEARCH_USER_PATHS = NO;
				CLANG_ANALYZER_NONNULL = YES;
				CLANG_CXX_LANGUAGE_STANDARD = "gnu++0x";
				CLANG_CXX_LIBRARY = "libc++";
				CLANG_ENABLE_MODULES = YES;
				CLANG_ENABLE_OBJC_ARC = YES;
				CLANG_WARN_BOOL_CONVERSION = YES;
				CLANG_WARN_CONSTANT_CONVERSION = YES;
				CLANG_WARN_DIRECT_OBJC_ISA_USAGE = YES_ERROR;
				CLANG_WARN_EMPTY_BODY = YES;
				CLANG_WARN_ENUM_CONVERSION = YES;
				CLANG_WARN_INT_CONVERSION = YES;
				CLANG_WARN_OBJC_ROOT_CLASS = YES_ERROR;
				CLANG_WARN_UNREACHABLE_CODE = YES;
				CLANG_WARN__DUPLICATE_METHOD_MATCH = YES;
				"CODE_SIGN_IDENTITY[sdk=iphoneos*]" = "iPhone Developer";
				COPY_PHASE_STRIP = NO;
				DEBUG_INFORMATION_FORMAT = "dwarf-with-dsym";
				ENABLE_NS_ASSERTIONS = NO;
				ENABLE_STRICT_OBJC_MSGSEND = YES;
				GCC_C_LANGUAGE_STANDARD = gnu99;
				GCC_NO_COMMON_BLOCKS = YES;
				GCC_WARN_64_TO_32_BIT_CONVERSION = YES;
				GCC_WARN_ABOUT_RETURN_TYPE = YES_ERROR;
				GCC_WARN_UNDECLARED_SELECTOR = YES;
				GCC_WARN_UNINITIALIZED_AUTOS = YES_AGGRESSIVE;
				GCC_WARN_UNUSED_FUNCTION = YES;
				GCC_WARN_UNUSED_VARIABLE = YES;
				IPHONEOS_DEPLOYMENT_TARGET = 9.3;
				MTL_ENABLE_DEBUG_INFO = NO;
				SDKROOT = iphoneos;
				VALIDATE_PRODUCT = YES;
			};
			name = Release;
		};
		E206104B1CFE0CFB0065EA93 /* Debug */ = {
			isa = XCBuildConfiguration;
			baseConfigurationReference = 1F7CC5481C1936A76444A3B8 /* Pods.debug.xcconfig */;
			buildSettings = {
				ASSETCATALOG_COMPILER_APPICON_NAME = AppIcon;
				INFOPLIST_FILE = "Face Paint/Info.plist";
				LD_RUNPATH_SEARCH_PATHS = "$(inherited) @executable_path/Frameworks";
				PRODUCT_BUNDLE_IDENTIFIER = "Bao-Tran.Face-Paint";
				PRODUCT_NAME = "$(TARGET_NAME)";
			};
			name = Debug;
		};
		E206104C1CFE0CFB0065EA93 /* Release */ = {
			isa = XCBuildConfiguration;
			baseConfigurationReference = 0B94EE1467A69CD5FD170589 /* Pods.release.xcconfig */;
			buildSettings = {
				ASSETCATALOG_COMPILER_APPICON_NAME = AppIcon;
				INFOPLIST_FILE = "Face Paint/Info.plist";
				LD_RUNPATH_SEARCH_PATHS = "$(inherited) @executable_path/Frameworks";
				PRODUCT_BUNDLE_IDENTIFIER = "Bao-Tran.Face-Paint";
				PRODUCT_NAME = "$(TARGET_NAME)";
			};
			name = Release;
		};
		E206104E1CFE0CFB0065EA93 /* Debug */ = {
			isa = XCBuildConfiguration;
			buildSettings = {
				BUNDLE_LOADER = "$(TEST_HOST)";
				INFOPLIST_FILE = "Face PaintTests/Info.plist";
				LD_RUNPATH_SEARCH_PATHS = "$(inherited) @executable_path/Frameworks @loader_path/Frameworks";
				PRODUCT_BUNDLE_IDENTIFIER = "Bao-Tran.Face-PaintTests";
				PRODUCT_NAME = "$(TARGET_NAME)";
				TEST_HOST = "$(BUILT_PRODUCTS_DIR)/Face Paint.app/Face Paint";
			};
			name = Debug;
		};
		E206104F1CFE0CFB0065EA93 /* Release */ = {
			isa = XCBuildConfiguration;
			buildSettings = {
				BUNDLE_LOADER = "$(TEST_HOST)";
				INFOPLIST_FILE = "Face PaintTests/Info.plist";
				LD_RUNPATH_SEARCH_PATHS = "$(inherited) @executable_path/Frameworks @loader_path/Frameworks";
				PRODUCT_BUNDLE_IDENTIFIER = "Bao-Tran.Face-PaintTests";
				PRODUCT_NAME = "$(TARGET_NAME)";
				TEST_HOST = "$(BUILT_PRODUCTS_DIR)/Face Paint.app/Face Paint";
			};
			name = Release;
		};
		E20610511CFE0CFB0065EA93 /* Debug */ = {
			isa = XCBuildConfiguration;
			buildSettings = {
				INFOPLIST_FILE = "Face PaintUITests/Info.plist";
				LD_RUNPATH_SEARCH_PATHS = "$(inherited) @executable_path/Frameworks @loader_path/Frameworks";
				PRODUCT_BUNDLE_IDENTIFIER = "Bao-Tran.Face-PaintUITests";
				PRODUCT_NAME = "$(TARGET_NAME)";
				TEST_TARGET_NAME = "Face Paint";
			};
			name = Debug;
		};
		E20610521CFE0CFB0065EA93 /* Release */ = {
			isa = XCBuildConfiguration;
			buildSettings = {
				INFOPLIST_FILE = "Face PaintUITests/Info.plist";
				LD_RUNPATH_SEARCH_PATHS = "$(inherited) @executable_path/Frameworks @loader_path/Frameworks";
				PRODUCT_BUNDLE_IDENTIFIER = "Bao-Tran.Face-PaintUITests";
				PRODUCT_NAME = "$(TARGET_NAME)";
				TEST_TARGET_NAME = "Face Paint";
			};
			name = Release;
		};
/* End XCBuildConfiguration section */

/* Begin XCConfigurationList section */
		E20610151CFE0CFA0065EA93 /* Build configuration list for PBXProject "Face Paint" */ = {
			isa = XCConfigurationList;
			buildConfigurations = (
				E20610481CFE0CFB0065EA93 /* Debug */,
				E20610491CFE0CFB0065EA93 /* Release */,
			);
			defaultConfigurationIsVisible = 0;
			defaultConfigurationName = Release;
		};
		E206104A1CFE0CFB0065EA93 /* Build configuration list for PBXNativeTarget "Face Paint" */ = {
			isa = XCConfigurationList;
			buildConfigurations = (
				E206104B1CFE0CFB0065EA93 /* Debug */,
				E206104C1CFE0CFB0065EA93 /* Release */,
			);
			defaultConfigurationIsVisible = 0;
			defaultConfigurationName = Release;
		};
		E206104D1CFE0CFB0065EA93 /* Build configuration list for PBXNativeTarget "Face PaintTests" */ = {
			isa = XCConfigurationList;
			buildConfigurations = (
				E206104E1CFE0CFB0065EA93 /* Debug */,
				E206104F1CFE0CFB0065EA93 /* Release */,
			);
			defaultConfigurationIsVisible = 0;
			defaultConfigurationName = Release;
		};
		E20610501CFE0CFB0065EA93 /* Build configuration list for PBXNativeTarget "Face PaintUITests" */ = {
			isa = XCConfigurationList;
			buildConfigurations = (
				E20610511CFE0CFB0065EA93 /* Debug */,
				E20610521CFE0CFB0065EA93 /* Release */,
			);
			defaultConfigurationIsVisible = 0;
			defaultConfigurationName = Release;
		};
/* End XCConfigurationList section */

/* Begin XCVersionGroup section */
		E20610291CFE0CFA0065EA93 /* Face_Paint.xcdatamodeld */ = {
			isa = XCVersionGroup;
			children = (
				E206102A1CFE0CFA0065EA93 /* Face_Paint.xcdatamodel */,
			);
			currentVersion = E206102A1CFE0CFA0065EA93 /* Face_Paint.xcdatamodel */;
			path = Face_Paint.xcdatamodeld;
			sourceTree = "<group>";
			versionGroupType = wrapper.xcdatamodel;
		};
/* End XCVersionGroup section */
	};
	rootObject = E20610121CFE0CFA0065EA93 /* Project object */;
}
